// !$*UTF8*$!
{
	archiveVersion = 1;
	classes = {
	};
	objectVersion = 56;
	objects = {

/* Begin PBXBuildFile section */
		89032F6F2A134F4F005FFC29 /* GroupListRow.swift in Sources */ = {isa = PBXBuildFile; fileRef = 89032F6E2A134F4F005FFC29 /* GroupListRow.swift */; };
		8904787E2A0A00A7005CC921 /* MTTextField.swift in Sources */ = {isa = PBXBuildFile; fileRef = 8904787D2A0A00A7005CC921 /* MTTextField.swift */; };
		8906D72E2A0F8E7400E7D60B /* OTPView.swift in Sources */ = {isa = PBXBuildFile; fileRef = 8906D72D2A0F8E7400E7D60B /* OTPView.swift */; };
		89210B9B2A15E5A000F268FC /* WelcomeView.swift in Sources */ = {isa = PBXBuildFile; fileRef = 89210B9A2A15E5A000F268FC /* WelcomeView.swift */; };
		89210BA02A15F7AD00F268FC /* CheckInView.swift in Sources */ = {isa = PBXBuildFile; fileRef = 89210B9F2A15F7AD00F268FC /* CheckInView.swift */; };
		89210BA32A15F7C700F268FC /* SettingsView.swift in Sources */ = {isa = PBXBuildFile; fileRef = 89210BA22A15F7C700F268FC /* SettingsView.swift */; };
		89210BA72A162C6400F268FC /* CreateGroupView.swift in Sources */ = {isa = PBXBuildFile; fileRef = 89210BA62A162C6400F268FC /* CreateGroupView.swift */; };
		89210BAA2A16487700F268FC /* Extension+SwiftUI.swift in Sources */ = {isa = PBXBuildFile; fileRef = 89210BA92A16487700F268FC /* Extension+SwiftUI.swift */; };
		893E10552A1B461B00DBD46C /* MTBackButton.swift in Sources */ = {isa = PBXBuildFile; fileRef = 893E10542A1B461B00DBD46C /* MTBackButton.swift */; };
		893E10572A1B467500DBD46C /* BackButtonModifier.swift in Sources */ = {isa = PBXBuildFile; fileRef = 893E10562A1B467500DBD46C /* BackButtonModifier.swift */; };
		894471EE2A08F8400011DDD2 /* MTButton.swift in Sources */ = {isa = PBXBuildFile; fileRef = 894471ED2A08F83F0011DDD2 /* MTButton.swift */; };
		894471F62A08FE9F0011DDD2 /* MTContainerView.swift in Sources */ = {isa = PBXBuildFile; fileRef = 894471F52A08FE9F0011DDD2 /* MTContainerView.swift */; };
		895DF4BC2A0BC17400899187 /* MTTabBarView.swift in Sources */ = {isa = PBXBuildFile; fileRef = 895DF4BB2A0BC17400899187 /* MTTabBarView.swift */; };
		895DF4BF2A0BD05900899187 /* MTTabBarContainerView.swift in Sources */ = {isa = PBXBuildFile; fileRef = 895DF4BE2A0BD05900899187 /* MTTabBarContainerView.swift */; };
		895DF4C22A0BD2B200899187 /* MTTabBarPreferenceKey.swift in Sources */ = {isa = PBXBuildFile; fileRef = 895DF4C12A0BD2B200899187 /* MTTabBarPreferenceKey.swift */; };
		896259342A1243CA00AAE879 /* MTShapeView.swift in Sources */ = {isa = PBXBuildFile; fileRef = 896259332A1243CA00AAE879 /* MTShapeView.swift */; };
		896259362A125C2500AAE879 /* GroupListView.swift in Sources */ = {isa = PBXBuildFile; fileRef = 896259352A125C2500AAE879 /* GroupListView.swift */; };
		896E8FC42A08B95E002AA4D3 /* FirebaseAnalyticsWithoutAdIdSupport in Frameworks */ = {isa = PBXBuildFile; productRef = 896E8FC32A08B95E002AA4D3 /* FirebaseAnalyticsWithoutAdIdSupport */; };
		896E8FC62A08B9CD002AA4D3 /* AppDelegate.swift in Sources */ = {isa = PBXBuildFile; fileRef = 896E8FC52A08B9CD002AA4D3 /* AppDelegate.swift */; };
		896E8FC82A08BAA6002AA4D3 /* GoogleService-Info.plist in Resources */ = {isa = PBXBuildFile; fileRef = 896E8FC72A08BAA6002AA4D3 /* GoogleService-Info.plist */; };
		897E61CB2A0BA7FA008D1687 /* ProgressViewModifier.swift in Sources */ = {isa = PBXBuildFile; fileRef = 897E61CA2A0BA7FA008D1687 /* ProgressViewModifier.swift */; };
		897E61CE2A0BA821008D1687 /* BackgroundModifier.swift in Sources */ = {isa = PBXBuildFile; fileRef = 897E61CD2A0BA821008D1687 /* BackgroundModifier.swift */; };
		897E61D02A0BA846008D1687 /* OverlayModifier.swift in Sources */ = {isa = PBXBuildFile; fileRef = 897E61CF2A0BA846008D1687 /* OverlayModifier.swift */; };
		897E61D22A0BA910008D1687 /* VerificationView.swift in Sources */ = {isa = PBXBuildFile; fileRef = 897E61D12A0BA910008D1687 /* VerificationView.swift */; };
		897EDC2D2A050E22001B652E /* MyTravel2App.swift in Sources */ = {isa = PBXBuildFile; fileRef = 897EDC2C2A050E22001B652E /* MyTravel2App.swift */; };
		897EDC2F2A050E22001B652E /* ContentView.swift in Sources */ = {isa = PBXBuildFile; fileRef = 897EDC2E2A050E22001B652E /* ContentView.swift */; };
		897EDC312A050E24001B652E /* Assets.xcassets in Resources */ = {isa = PBXBuildFile; fileRef = 897EDC302A050E24001B652E /* Assets.xcassets */; };
		897EDC342A050E24001B652E /* Preview Assets.xcassets in Resources */ = {isa = PBXBuildFile; fileRef = 897EDC332A050E24001B652E /* Preview Assets.xcassets */; };
		897EDC362A050E24001B652E /* Persistence.swift in Sources */ = {isa = PBXBuildFile; fileRef = 897EDC352A050E24001B652E /* Persistence.swift */; };
		897EDC392A050E24001B652E /* MyTravel2.xcdatamodeld in Sources */ = {isa = PBXBuildFile; fileRef = 897EDC372A050E24001B652E /* MyTravel2.xcdatamodeld */; };
		897EDC432A050E25001B652E /* MyTravel2Tests.swift in Sources */ = {isa = PBXBuildFile; fileRef = 897EDC422A050E25001B652E /* MyTravel2Tests.swift */; };
		897EDC4D2A050E25001B652E /* MyTravel2UITests.swift in Sources */ = {isa = PBXBuildFile; fileRef = 897EDC4C2A050E25001B652E /* MyTravel2UITests.swift */; };
		897EDC4F2A050E25001B652E /* MyTravel2UITestsLaunchTests.swift in Sources */ = {isa = PBXBuildFile; fileRef = 897EDC4E2A050E25001B652E /* MyTravel2UITestsLaunchTests.swift */; };
		897EDC632A052494001B652E /* Alamofire in Frameworks */ = {isa = PBXBuildFile; productRef = 897EDC622A052494001B652E /* Alamofire */; };
		897EDC672A0524CC001B652E /* SDWebImageSwiftUI in Frameworks */ = {isa = PBXBuildFile; productRef = 897EDC662A0524CC001B652E /* SDWebImageSwiftUI */; };
		897EDC6E2A05272F001B652E /* LoginView.swift in Sources */ = {isa = PBXBuildFile; fileRef = 897EDC6D2A05272F001B652E /* LoginView.swift */; };
		89C1D8A32A1B8498007EB9E1 /* CreateGroupSuccessView.swift in Sources */ = {isa = PBXBuildFile; fileRef = 89C1D8A22A1B8498007EB9E1 /* CreateGroupSuccessView.swift */; };
		89C62F792A0CB1AF00E2FD05 /* AppTabBarView.swift in Sources */ = {isa = PBXBuildFile; fileRef = 89C62F782A0CB1AF00E2FD05 /* AppTabBarView.swift */; };
		89C62F7E2A0CBB2200E2FD05 /* TabItem.swift in Sources */ = {isa = PBXBuildFile; fileRef = 89C62F7D2A0CBB2200E2FD05 /* TabItem.swift */; };
		CE36DE872A134D8E009790A5 /* MTUserDefaults.swift in Sources */ = {isa = PBXBuildFile; fileRef = CE36DE862A134D8E009790A5 /* MTUserDefaults.swift */; };
		CE36DE8A2A135DD3009790A5 /* Extension.swift in Sources */ = {isa = PBXBuildFile; fileRef = CE36DE892A135DD3009790A5 /* Extension.swift */; };
		CE36DE8D2A136249009790A5 /* WebUser.swift in Sources */ = {isa = PBXBuildFile; fileRef = CE36DE8C2A136249009790A5 /* WebUser.swift */; };
		CE3E83E52A08CD1100C4AE43 /* AppFont.swift in Sources */ = {isa = PBXBuildFile; fileRef = CE3E83E42A08CD1100C4AE43 /* AppFont.swift */; };
		CE3E83E72A08CD1A00C4AE43 /* AppColor.swift in Sources */ = {isa = PBXBuildFile; fileRef = CE3E83E62A08CD1A00C4AE43 /* AppColor.swift */; };
		CE5742CE2A1DF7F60089666A /* PreviewGroupProvider.swift in Sources */ = {isa = PBXBuildFile; fileRef = CE5742CD2A1DF7F60089666A /* PreviewGroupProvider.swift */; };
		CE5742D12A1DF8950089666A /* UserPreview.swift in Sources */ = {isa = PBXBuildFile; fileRef = CE5742D02A1DF8950089666A /* UserPreview.swift */; };
		CE5742D42A1DFA040089666A /* GroupPreview.swift in Sources */ = {isa = PBXBuildFile; fileRef = CE5742D32A1DFA040089666A /* GroupPreview.swift */; };
		CE5756562A1B3A5500801FD9 /* MTAsyncView.swift in Sources */ = {isa = PBXBuildFile; fileRef = CE5756552A1B3A5500801FD9 /* MTAsyncView.swift */; };
		CE65C76B2A178B300021F7FD /* GroupProvider.swift in Sources */ = {isa = PBXBuildFile; fileRef = CE65C76A2A178B300021F7FD /* GroupProvider.swift */; };
		CE65C76E2A178B3F0021F7FD /* GroupViewModel.swift in Sources */ = {isa = PBXBuildFile; fileRef = CE65C76D2A178B3F0021F7FD /* GroupViewModel.swift */; };
		CE65C7702A1790980021F7FD /* MTGroup.swift in Sources */ = {isa = PBXBuildFile; fileRef = CE65C76F2A1790980021F7FD /* MTGroup.swift */; };
		CE66413F2A0A4D2B0028CFC5 /* Localizable.strings in Resources */ = {isa = PBXBuildFile; fileRef = CE66413E2A0A4D2B0028CFC5 /* Localizable.strings */; };
		CEBAEA552A08CF1800F73FA8 /* RswiftLibrary in Frameworks */ = {isa = PBXBuildFile; productRef = CEBAEA542A08CF1800F73FA8 /* RswiftLibrary */; };
		CEC19B7A2A0B7FBD006E3192 /* WebRequester.swift in Sources */ = {isa = PBXBuildFile; fileRef = CEC19B792A0B7FBD006E3192 /* WebRequester.swift */; };
		CEC19B7C2A0B80D8006E3192 /* MTNetworkLogger.swift in Sources */ = {isa = PBXBuildFile; fileRef = CEC19B7B2A0B80D8006E3192 /* MTNetworkLogger.swift */; };
		CEC19B7E2A0B8108006E3192 /* Constant.swift in Sources */ = {isa = PBXBuildFile; fileRef = CEC19B7D2A0B8108006E3192 /* Constant.swift */; };
		CEC19B812A0B83D0006E3192 /* AppURL.swift in Sources */ = {isa = PBXBuildFile; fileRef = CEC19B802A0B83D0006E3192 /* AppURL.swift */; };
		CEC19B872A0B84F7006E3192 /* MTConfiguration.swift in Sources */ = {isa = PBXBuildFile; fileRef = CEC19B862A0B84F7006E3192 /* MTConfiguration.swift */; };
		CEC19B892A0B8543006E3192 /* Keys.swift in Sources */ = {isa = PBXBuildFile; fileRef = CEC19B882A0B8543006E3192 /* Keys.swift */; };
		CEC19B932A0B97F6006E3192 /* AuthViewModel.swift in Sources */ = {isa = PBXBuildFile; fileRef = CEC19B922A0B97F6006E3192 /* AuthViewModel.swift */; };
		CEC19B962A0B982D006E3192 /* AuthProvider.swift in Sources */ = {isa = PBXBuildFile; fileRef = CEC19B952A0B982D006E3192 /* AuthProvider.swift */; };
		CEC19B982A0B991A006E3192 /* MTResponse.swift in Sources */ = {isa = PBXBuildFile; fileRef = CEC19B972A0B991A006E3192 /* MTResponse.swift */; };
		CEC19B9B2A0B9FBC006E3192 /* CustomError.swift in Sources */ = {isa = PBXBuildFile; fileRef = CEC19B9A2A0B9FBC006E3192 /* CustomError.swift */; };
		CEC19B9E2A0BA423006E3192 /* Validator.swift in Sources */ = {isa = PBXBuildFile; fileRef = CEC19B9D2A0BA423006E3192 /* Validator.swift */; };
		CEDC13BE2A09018700B1AF6E /* Montserrat-VariableFont_wght.ttf in Resources */ = {isa = PBXBuildFile; fileRef = CEDC13BD2A09018700B1AF6E /* Montserrat-VariableFont_wght.ttf */; };
/* End PBXBuildFile section */

/* Begin PBXContainerItemProxy section */
		897EDC3F2A050E25001B652E /* PBXContainerItemProxy */ = {
			isa = PBXContainerItemProxy;
			containerPortal = 897EDC212A050E22001B652E /* Project object */;
			proxyType = 1;
			remoteGlobalIDString = 897EDC282A050E22001B652E;
			remoteInfo = MyTravel2;
		};
		897EDC492A050E25001B652E /* PBXContainerItemProxy */ = {
			isa = PBXContainerItemProxy;
			containerPortal = 897EDC212A050E22001B652E /* Project object */;
			proxyType = 1;
			remoteGlobalIDString = 897EDC282A050E22001B652E;
			remoteInfo = MyTravel2;
		};
/* End PBXContainerItemProxy section */

/* Begin PBXFileReference section */
		89032F6E2A134F4F005FFC29 /* GroupListRow.swift */ = {isa = PBXFileReference; lastKnownFileType = sourcecode.swift; path = GroupListRow.swift; sourceTree = "<group>"; };
		8904787D2A0A00A7005CC921 /* MTTextField.swift */ = {isa = PBXFileReference; lastKnownFileType = sourcecode.swift; path = MTTextField.swift; sourceTree = "<group>"; };
		8906D72D2A0F8E7400E7D60B /* OTPView.swift */ = {isa = PBXFileReference; lastKnownFileType = sourcecode.swift; path = OTPView.swift; sourceTree = "<group>"; };
		89210B9A2A15E5A000F268FC /* WelcomeView.swift */ = {isa = PBXFileReference; lastKnownFileType = sourcecode.swift; path = WelcomeView.swift; sourceTree = "<group>"; };
		89210B9F2A15F7AD00F268FC /* CheckInView.swift */ = {isa = PBXFileReference; lastKnownFileType = sourcecode.swift; path = CheckInView.swift; sourceTree = "<group>"; };
		89210BA22A15F7C700F268FC /* SettingsView.swift */ = {isa = PBXFileReference; lastKnownFileType = sourcecode.swift; path = SettingsView.swift; sourceTree = "<group>"; };
		89210BA62A162C6400F268FC /* CreateGroupView.swift */ = {isa = PBXFileReference; lastKnownFileType = sourcecode.swift; path = CreateGroupView.swift; sourceTree = "<group>"; };
		89210BA92A16487700F268FC /* Extension+SwiftUI.swift */ = {isa = PBXFileReference; lastKnownFileType = sourcecode.swift; path = "Extension+SwiftUI.swift"; sourceTree = "<group>"; };
		893E10542A1B461B00DBD46C /* MTBackButton.swift */ = {isa = PBXFileReference; lastKnownFileType = sourcecode.swift; path = MTBackButton.swift; sourceTree = "<group>"; };
		893E10562A1B467500DBD46C /* BackButtonModifier.swift */ = {isa = PBXFileReference; lastKnownFileType = sourcecode.swift; path = BackButtonModifier.swift; sourceTree = "<group>"; };
		894471ED2A08F83F0011DDD2 /* MTButton.swift */ = {isa = PBXFileReference; fileEncoding = 4; lastKnownFileType = sourcecode.swift; path = MTButton.swift; sourceTree = "<group>"; };
		894471F52A08FE9F0011DDD2 /* MTContainerView.swift */ = {isa = PBXFileReference; lastKnownFileType = sourcecode.swift; path = MTContainerView.swift; sourceTree = "<group>"; };
		895DF4BB2A0BC17400899187 /* MTTabBarView.swift */ = {isa = PBXFileReference; lastKnownFileType = sourcecode.swift; path = MTTabBarView.swift; sourceTree = "<group>"; };
		895DF4BE2A0BD05900899187 /* MTTabBarContainerView.swift */ = {isa = PBXFileReference; lastKnownFileType = sourcecode.swift; path = MTTabBarContainerView.swift; sourceTree = "<group>"; };
		895DF4C12A0BD2B200899187 /* MTTabBarPreferenceKey.swift */ = {isa = PBXFileReference; lastKnownFileType = sourcecode.swift; path = MTTabBarPreferenceKey.swift; sourceTree = "<group>"; };
		896259332A1243CA00AAE879 /* MTShapeView.swift */ = {isa = PBXFileReference; lastKnownFileType = sourcecode.swift; path = MTShapeView.swift; sourceTree = "<group>"; };
		896259352A125C2500AAE879 /* GroupListView.swift */ = {isa = PBXFileReference; lastKnownFileType = sourcecode.swift; path = GroupListView.swift; sourceTree = "<group>"; };
		896E8FC52A08B9CD002AA4D3 /* AppDelegate.swift */ = {isa = PBXFileReference; lastKnownFileType = sourcecode.swift; path = AppDelegate.swift; sourceTree = "<group>"; };
		896E8FC72A08BAA6002AA4D3 /* GoogleService-Info.plist */ = {isa = PBXFileReference; fileEncoding = 4; lastKnownFileType = text.plist.xml; path = "GoogleService-Info.plist"; sourceTree = "<group>"; };
		897E61CA2A0BA7FA008D1687 /* ProgressViewModifier.swift */ = {isa = PBXFileReference; lastKnownFileType = sourcecode.swift; path = ProgressViewModifier.swift; sourceTree = "<group>"; };
		897E61CD2A0BA821008D1687 /* BackgroundModifier.swift */ = {isa = PBXFileReference; lastKnownFileType = sourcecode.swift; path = BackgroundModifier.swift; sourceTree = "<group>"; };
		897E61CF2A0BA846008D1687 /* OverlayModifier.swift */ = {isa = PBXFileReference; lastKnownFileType = sourcecode.swift; path = OverlayModifier.swift; sourceTree = "<group>"; };
		897E61D12A0BA910008D1687 /* VerificationView.swift */ = {isa = PBXFileReference; lastKnownFileType = sourcecode.swift; path = VerificationView.swift; sourceTree = "<group>"; };
		897EDC292A050E22001B652E /* MyTravel.app */ = {isa = PBXFileReference; explicitFileType = wrapper.application; includeInIndex = 0; path = MyTravel.app; sourceTree = BUILT_PRODUCTS_DIR; };
		897EDC2C2A050E22001B652E /* MyTravel2App.swift */ = {isa = PBXFileReference; lastKnownFileType = sourcecode.swift; path = MyTravel2App.swift; sourceTree = "<group>"; };
		897EDC2E2A050E22001B652E /* ContentView.swift */ = {isa = PBXFileReference; lastKnownFileType = sourcecode.swift; path = ContentView.swift; sourceTree = "<group>"; };
		897EDC302A050E24001B652E /* Assets.xcassets */ = {isa = PBXFileReference; lastKnownFileType = folder.assetcatalog; path = Assets.xcassets; sourceTree = "<group>"; };
		897EDC332A050E24001B652E /* Preview Assets.xcassets */ = {isa = PBXFileReference; lastKnownFileType = folder.assetcatalog; path = "Preview Assets.xcassets"; sourceTree = "<group>"; };
		897EDC352A050E24001B652E /* Persistence.swift */ = {isa = PBXFileReference; lastKnownFileType = sourcecode.swift; path = Persistence.swift; sourceTree = "<group>"; };
		897EDC382A050E24001B652E /* MyTravel2.xcdatamodel */ = {isa = PBXFileReference; lastKnownFileType = wrapper.xcdatamodel; path = MyTravel2.xcdatamodel; sourceTree = "<group>"; };
		897EDC3E2A050E25001B652E /* MyTravelTests.xctest */ = {isa = PBXFileReference; explicitFileType = wrapper.cfbundle; includeInIndex = 0; path = MyTravelTests.xctest; sourceTree = BUILT_PRODUCTS_DIR; };
		897EDC422A050E25001B652E /* MyTravel2Tests.swift */ = {isa = PBXFileReference; lastKnownFileType = sourcecode.swift; path = MyTravel2Tests.swift; sourceTree = "<group>"; };
		897EDC482A050E25001B652E /* MyTravelUITests.xctest */ = {isa = PBXFileReference; explicitFileType = wrapper.cfbundle; includeInIndex = 0; path = MyTravelUITests.xctest; sourceTree = BUILT_PRODUCTS_DIR; };
		897EDC4C2A050E25001B652E /* MyTravel2UITests.swift */ = {isa = PBXFileReference; lastKnownFileType = sourcecode.swift; path = MyTravel2UITests.swift; sourceTree = "<group>"; };
		897EDC4E2A050E25001B652E /* MyTravel2UITestsLaunchTests.swift */ = {isa = PBXFileReference; lastKnownFileType = sourcecode.swift; path = MyTravel2UITestsLaunchTests.swift; sourceTree = "<group>"; };
		897EDC6D2A05272F001B652E /* LoginView.swift */ = {isa = PBXFileReference; lastKnownFileType = sourcecode.swift; path = LoginView.swift; sourceTree = "<group>"; };
		89C1D8A22A1B8498007EB9E1 /* CreateGroupSuccessView.swift */ = {isa = PBXFileReference; lastKnownFileType = sourcecode.swift; path = CreateGroupSuccessView.swift; sourceTree = "<group>"; };
		89C62F782A0CB1AF00E2FD05 /* AppTabBarView.swift */ = {isa = PBXFileReference; lastKnownFileType = sourcecode.swift; path = AppTabBarView.swift; sourceTree = "<group>"; };
		89C62F7D2A0CBB2200E2FD05 /* TabItem.swift */ = {isa = PBXFileReference; fileEncoding = 4; lastKnownFileType = sourcecode.swift; path = TabItem.swift; sourceTree = "<group>"; };
		CE36DE862A134D8E009790A5 /* MTUserDefaults.swift */ = {isa = PBXFileReference; lastKnownFileType = sourcecode.swift; path = MTUserDefaults.swift; sourceTree = "<group>"; };
		CE36DE892A135DD3009790A5 /* Extension.swift */ = {isa = PBXFileReference; lastKnownFileType = sourcecode.swift; path = Extension.swift; sourceTree = "<group>"; };
		CE36DE8C2A136249009790A5 /* WebUser.swift */ = {isa = PBXFileReference; lastKnownFileType = sourcecode.swift; path = WebUser.swift; sourceTree = "<group>"; };
		CE3E83E42A08CD1100C4AE43 /* AppFont.swift */ = {isa = PBXFileReference; lastKnownFileType = sourcecode.swift; path = AppFont.swift; sourceTree = "<group>"; };
		CE3E83E62A08CD1A00C4AE43 /* AppColor.swift */ = {isa = PBXFileReference; lastKnownFileType = sourcecode.swift; path = AppColor.swift; sourceTree = "<group>"; };
		CE5742CD2A1DF7F60089666A /* PreviewGroupProvider.swift */ = {isa = PBXFileReference; lastKnownFileType = sourcecode.swift; path = PreviewGroupProvider.swift; sourceTree = "<group>"; };
		CE5742D02A1DF8950089666A /* UserPreview.swift */ = {isa = PBXFileReference; lastKnownFileType = sourcecode.swift; path = UserPreview.swift; sourceTree = "<group>"; };
		CE5742D32A1DFA040089666A /* GroupPreview.swift */ = {isa = PBXFileReference; lastKnownFileType = sourcecode.swift; path = GroupPreview.swift; sourceTree = "<group>"; };
		CE5756552A1B3A5500801FD9 /* MTAsyncView.swift */ = {isa = PBXFileReference; lastKnownFileType = sourcecode.swift; path = MTAsyncView.swift; sourceTree = "<group>"; };
		CE65C76A2A178B300021F7FD /* GroupProvider.swift */ = {isa = PBXFileReference; lastKnownFileType = sourcecode.swift; path = GroupProvider.swift; sourceTree = "<group>"; };
		CE65C76D2A178B3F0021F7FD /* GroupViewModel.swift */ = {isa = PBXFileReference; lastKnownFileType = sourcecode.swift; path = GroupViewModel.swift; sourceTree = "<group>"; };
		CE65C76F2A1790980021F7FD /* MTGroup.swift */ = {isa = PBXFileReference; lastKnownFileType = sourcecode.swift; path = MTGroup.swift; sourceTree = "<group>"; };
		CE66413E2A0A4D2B0028CFC5 /* Localizable.strings */ = {isa = PBXFileReference; lastKnownFileType = text.plist.strings; path = Localizable.strings; sourceTree = "<group>"; };
		CEC19B792A0B7FBD006E3192 /* WebRequester.swift */ = {isa = PBXFileReference; lastKnownFileType = sourcecode.swift; path = WebRequester.swift; sourceTree = "<group>"; };
		CEC19B7B2A0B80D8006E3192 /* MTNetworkLogger.swift */ = {isa = PBXFileReference; lastKnownFileType = sourcecode.swift; path = MTNetworkLogger.swift; sourceTree = "<group>"; };
		CEC19B7D2A0B8108006E3192 /* Constant.swift */ = {isa = PBXFileReference; lastKnownFileType = sourcecode.swift; path = Constant.swift; sourceTree = "<group>"; };
		CEC19B802A0B83D0006E3192 /* AppURL.swift */ = {isa = PBXFileReference; lastKnownFileType = sourcecode.swift; path = AppURL.swift; sourceTree = "<group>"; };
		CEC19B842A0B8416006E3192 /* Release.xcconfig */ = {isa = PBXFileReference; lastKnownFileType = text.xcconfig; path = Release.xcconfig; sourceTree = "<group>"; };
		CEC19B852A0B8449006E3192 /* Debug.xcconfig */ = {isa = PBXFileReference; lastKnownFileType = text.xcconfig; path = Debug.xcconfig; sourceTree = "<group>"; };
		CEC19B862A0B84F7006E3192 /* MTConfiguration.swift */ = {isa = PBXFileReference; lastKnownFileType = sourcecode.swift; path = MTConfiguration.swift; sourceTree = "<group>"; };
		CEC19B882A0B8543006E3192 /* Keys.swift */ = {isa = PBXFileReference; lastKnownFileType = sourcecode.swift; path = Keys.swift; sourceTree = "<group>"; };
		CEC19B922A0B97F6006E3192 /* AuthViewModel.swift */ = {isa = PBXFileReference; lastKnownFileType = sourcecode.swift; path = AuthViewModel.swift; sourceTree = "<group>"; };
		CEC19B952A0B982D006E3192 /* AuthProvider.swift */ = {isa = PBXFileReference; lastKnownFileType = sourcecode.swift; path = AuthProvider.swift; sourceTree = "<group>"; };
		CEC19B972A0B991A006E3192 /* MTResponse.swift */ = {isa = PBXFileReference; lastKnownFileType = sourcecode.swift; path = MTResponse.swift; sourceTree = "<group>"; };
		CEC19B9A2A0B9FBC006E3192 /* CustomError.swift */ = {isa = PBXFileReference; lastKnownFileType = sourcecode.swift; path = CustomError.swift; sourceTree = "<group>"; };
		CEC19B9D2A0BA423006E3192 /* Validator.swift */ = {isa = PBXFileReference; lastKnownFileType = sourcecode.swift; path = Validator.swift; sourceTree = "<group>"; };
		CEDC13B72A08FD1E00B1AF6E /* MyTravel-Info.plist */ = {isa = PBXFileReference; lastKnownFileType = text.plist.xml; path = "MyTravel-Info.plist"; sourceTree = "<group>"; };
		CEDC13BD2A09018700B1AF6E /* Montserrat-VariableFont_wght.ttf */ = {isa = PBXFileReference; lastKnownFileType = file; path = "Montserrat-VariableFont_wght.ttf"; sourceTree = "<group>"; };
/* End PBXFileReference section */

/* Begin PBXFrameworksBuildPhase section */
		897EDC262A050E22001B652E /* Frameworks */ = {
			isa = PBXFrameworksBuildPhase;
			buildActionMask = 2147483647;
			files = (
				897EDC672A0524CC001B652E /* SDWebImageSwiftUI in Frameworks */,
				CEBAEA552A08CF1800F73FA8 /* RswiftLibrary in Frameworks */,
				896E8FC42A08B95E002AA4D3 /* FirebaseAnalyticsWithoutAdIdSupport in Frameworks */,
				897EDC632A052494001B652E /* Alamofire in Frameworks */,
			);
			runOnlyForDeploymentPostprocessing = 0;
		};
		897EDC3B2A050E25001B652E /* Frameworks */ = {
			isa = PBXFrameworksBuildPhase;
			buildActionMask = 2147483647;
			files = (
			);
			runOnlyForDeploymentPostprocessing = 0;
		};
		897EDC452A050E25001B652E /* Frameworks */ = {
			isa = PBXFrameworksBuildPhase;
			buildActionMask = 2147483647;
			files = (
			);
			runOnlyForDeploymentPostprocessing = 0;
		};
/* End PBXFrameworksBuildPhase section */

/* Begin PBXGroup section */
		897E61C92A0BA7E7008D1687 /* ViewModifiers */ = {
			isa = PBXGroup;
			children = (
				893E10562A1B467500DBD46C /* BackButtonModifier.swift */,
				897E61CD2A0BA821008D1687 /* BackgroundModifier.swift */,
				897E61CA2A0BA7FA008D1687 /* ProgressViewModifier.swift */,
				897E61CF2A0BA846008D1687 /* OverlayModifier.swift */,
			);
			path = ViewModifiers;
			sourceTree = "<group>";
		};
		897EDC202A050E22001B652E = {
			isa = PBXGroup;
			children = (
				897EDC2B2A050E22001B652E /* MyTravel2 */,
				897EDC412A050E25001B652E /* MyTravel2Tests */,
				897EDC4B2A050E25001B652E /* MyTravel2UITests */,
				897EDC2A2A050E22001B652E /* Products */,
				89C62F7C2A0CBAF500E2FD05 /* Recovered References */,
			);
			sourceTree = "<group>";
		};
		897EDC2A2A050E22001B652E /* Products */ = {
			isa = PBXGroup;
			children = (
				897EDC292A050E22001B652E /* MyTravel.app */,
				897EDC3E2A050E25001B652E /* MyTravelTests.xctest */,
				897EDC482A050E25001B652E /* MyTravelUITests.xctest */,
			);
			name = Products;
			sourceTree = "<group>";
		};
		897EDC2B2A050E22001B652E /* MyTravel2 */ = {
			isa = PBXGroup;
			children = (
				896E8FC52A08B9CD002AA4D3 /* AppDelegate.swift */,
				897EDC2C2A050E22001B652E /* MyTravel2App.swift */,
				CEC19B912A0B97E1006E3192 /* Model */,
				CEC19B902A0B97D8006E3192 /* ViewModel */,
				897EDC6A2A0526FE001B652E /* View */,
				897EDC682A0526EF001B652E /* Resources */,
				CE3E83E32A08CCFA00C4AE43 /* Helper */,
				897EDC352A050E24001B652E /* Persistence.swift */,
				897EDC372A050E24001B652E /* MyTravel2.xcdatamodeld */,
				897EDC322A050E24001B652E /* Preview Content */,
			);
			path = MyTravel2;
			sourceTree = "<group>";
		};
		897EDC322A050E24001B652E /* Preview Content */ = {
			isa = PBXGroup;
			children = (
				CE5742D02A1DF8950089666A /* UserPreview.swift */,
				CE5742D32A1DFA040089666A /* GroupPreview.swift */,
				897EDC332A050E24001B652E /* Preview Assets.xcassets */,
				CE5742CD2A1DF7F60089666A /* PreviewGroupProvider.swift */,
			);
			path = "Preview Content";
			sourceTree = "<group>";
		};
		897EDC412A050E25001B652E /* MyTravel2Tests */ = {
			isa = PBXGroup;
			children = (
				897EDC422A050E25001B652E /* MyTravel2Tests.swift */,
			);
			path = MyTravel2Tests;
			sourceTree = "<group>";
		};
		897EDC4B2A050E25001B652E /* MyTravel2UITests */ = {
			isa = PBXGroup;
			children = (
				897EDC4C2A050E25001B652E /* MyTravel2UITests.swift */,
				897EDC4E2A050E25001B652E /* MyTravel2UITestsLaunchTests.swift */,
			);
			path = MyTravel2UITests;
			sourceTree = "<group>";
		};
		897EDC682A0526EF001B652E /* Resources */ = {
			isa = PBXGroup;
			children = (
				897EDC302A050E24001B652E /* Assets.xcassets */,
				CEC19B832A0B83F0006E3192 /* Config */,
				896E8FC72A08BAA6002AA4D3 /* GoogleService-Info.plist */,
				CEDC13B72A08FD1E00B1AF6E /* MyTravel-Info.plist */,
				CEDC13B42A08FC6000B1AF6E /* Font */,
				CE66413E2A0A4D2B0028CFC5 /* Localizable.strings */,
			);
			path = Resources;
			sourceTree = "<group>";
		};
		897EDC6A2A0526FE001B652E /* View */ = {
			isa = PBXGroup;
			children = (
				897EDC2E2A050E22001B652E /* ContentView.swift */,
				894471ED2A08F83F0011DDD2 /* MTButton.swift */,
				8904787D2A0A00A7005CC921 /* MTTextField.swift */,
				893E10542A1B461B00DBD46C /* MTBackButton.swift */,
				894471F52A08FE9F0011DDD2 /* MTContainerView.swift */,
				89C62F782A0CB1AF00E2FD05 /* AppTabBarView.swift */,
				895DF4BB2A0BC17400899187 /* MTTabBarView.swift */,
				895DF4BE2A0BD05900899187 /* MTTabBarContainerView.swift */,
				895DF4C12A0BD2B200899187 /* MTTabBarPreferenceKey.swift */,
				CE5756552A1B3A5500801FD9 /* MTAsyncView.swift */,
				897EDC6D2A05272F001B652E /* LoginView.swift */,
				897E61D12A0BA910008D1687 /* VerificationView.swift */,
				8906D72D2A0F8E7400E7D60B /* OTPView.swift */,
				89210B9A2A15E5A000F268FC /* WelcomeView.swift */,
				89032F6E2A134F4F005FFC29 /* GroupListRow.swift */,
				896259352A125C2500AAE879 /* GroupListView.swift */,
				89210BA62A162C6400F268FC /* CreateGroupView.swift */,
				89C1D8A22A1B8498007EB9E1 /* CreateGroupSuccessView.swift */,
				89210B9F2A15F7AD00F268FC /* CheckInView.swift */,
				89210BA22A15F7C700F268FC /* SettingsView.swift */,
				896259332A1243CA00AAE879 /* MTShapeView.swift */,
			);
			path = View;
			sourceTree = "<group>";
		};
		89C62F7C2A0CBAF500E2FD05 /* Recovered References */ = {
			isa = PBXGroup;
			children = (
			);
			name = "Recovered References";
			sourceTree = "<group>";
		};
		CE3E83E32A08CCFA00C4AE43 /* Helper */ = {
			isa = PBXGroup;
			children = (
				CE3E83E62A08CD1A00C4AE43 /* AppColor.swift */,
				CE3E83E42A08CD1100C4AE43 /* AppFont.swift */,
				897E61C92A0BA7E7008D1687 /* ViewModifiers */,
				CEC19B802A0B83D0006E3192 /* AppURL.swift */,
				CEC19B7D2A0B8108006E3192 /* Constant.swift */,
				CEC19B882A0B8543006E3192 /* Keys.swift */,
				CEC19B792A0B7FBD006E3192 /* WebRequester.swift */,
				CEC19B7B2A0B80D8006E3192 /* MTNetworkLogger.swift */,
				CEC19B862A0B84F7006E3192 /* MTConfiguration.swift */,
				CEC19B9A2A0B9FBC006E3192 /* CustomError.swift */,
				CEC19B9D2A0BA423006E3192 /* Validator.swift */,
				CE36DE862A134D8E009790A5 /* MTUserDefaults.swift */,
				CE36DE892A135DD3009790A5 /* Extension.swift */,
				89210BA92A16487700F268FC /* Extension+SwiftUI.swift */,
			);
			path = Helper;
			sourceTree = "<group>";
		};
		CEC19B832A0B83F0006E3192 /* Config */ = {
			isa = PBXGroup;
			children = (
				CEC19B852A0B8449006E3192 /* Debug.xcconfig */,
				CEC19B842A0B8416006E3192 /* Release.xcconfig */,
			);
			path = Config;
			sourceTree = "<group>";
		};
		CEC19B902A0B97D8006E3192 /* ViewModel */ = {
			isa = PBXGroup;
			children = (
				CEC19B942A0B9815006E3192 /* Provider */,
				CEC19B922A0B97F6006E3192 /* AuthViewModel.swift */,
				CE65C76D2A178B3F0021F7FD /* GroupViewModel.swift */,
			);
			path = ViewModel;
			sourceTree = "<group>";
		};
		CEC19B912A0B97E1006E3192 /* Model */ = {
			isa = PBXGroup;
			children = (
				CEC19B972A0B991A006E3192 /* MTResponse.swift */,
				89C62F7D2A0CBB2200E2FD05 /* TabItem.swift */,
				CE36DE8C2A136249009790A5 /* WebUser.swift */,
				CE65C76F2A1790980021F7FD /* MTGroup.swift */,
			);
			path = Model;
			sourceTree = "<group>";
		};
		CEC19B942A0B9815006E3192 /* Provider */ = {
			isa = PBXGroup;
			children = (
				CEC19B952A0B982D006E3192 /* AuthProvider.swift */,
				CE65C76A2A178B300021F7FD /* GroupProvider.swift */,
			);
			path = Provider;
			sourceTree = "<group>";
		};
		CEDC13B42A08FC6000B1AF6E /* Font */ = {
			isa = PBXGroup;
			children = (
				CEDC13BD2A09018700B1AF6E /* Montserrat-VariableFont_wght.ttf */,
			);
			path = Font;
			sourceTree = "<group>";
		};
/* End PBXGroup section */

/* Begin PBXNativeTarget section */
		897EDC282A050E22001B652E /* MyTravel */ = {
			isa = PBXNativeTarget;
			buildConfigurationList = 897EDC522A050E25001B652E /* Build configuration list for PBXNativeTarget "MyTravel" */;
			buildPhases = (
				897EDC252A050E22001B652E /* Sources */,
				897EDC262A050E22001B652E /* Frameworks */,
				897EDC272A050E22001B652E /* Resources */,
				CE6641362A0A0AC30028CFC5 /* Swift Lint Run Script */,
			);
			buildRules = (
			);
			dependencies = (
				CEA033142A08CFB200AB1824 /* PBXTargetDependency */,
			);
			name = MyTravel;
			packageProductDependencies = (
				897EDC622A052494001B652E /* Alamofire */,
				897EDC662A0524CC001B652E /* SDWebImageSwiftUI */,
				896E8FC32A08B95E002AA4D3 /* FirebaseAnalyticsWithoutAdIdSupport */,
				CEBAEA542A08CF1800F73FA8 /* RswiftLibrary */,
			);
			productName = MyTravel2;
			productReference = 897EDC292A050E22001B652E /* MyTravel.app */;
			productType = "com.apple.product-type.application";
		};
		897EDC3D2A050E25001B652E /* MyTravelTests */ = {
			isa = PBXNativeTarget;
			buildConfigurationList = 897EDC552A050E25001B652E /* Build configuration list for PBXNativeTarget "MyTravelTests" */;
			buildPhases = (
				897EDC3A2A050E25001B652E /* Sources */,
				897EDC3B2A050E25001B652E /* Frameworks */,
				897EDC3C2A050E25001B652E /* Resources */,
			);
			buildRules = (
			);
			dependencies = (
				897EDC402A050E25001B652E /* PBXTargetDependency */,
			);
			name = MyTravelTests;
			productName = MyTravel2Tests;
			productReference = 897EDC3E2A050E25001B652E /* MyTravelTests.xctest */;
			productType = "com.apple.product-type.bundle.unit-test";
		};
		897EDC472A050E25001B652E /* MyTravelUITests */ = {
			isa = PBXNativeTarget;
			buildConfigurationList = 897EDC582A050E25001B652E /* Build configuration list for PBXNativeTarget "MyTravelUITests" */;
			buildPhases = (
				897EDC442A050E25001B652E /* Sources */,
				897EDC452A050E25001B652E /* Frameworks */,
				897EDC462A050E25001B652E /* Resources */,
			);
			buildRules = (
			);
			dependencies = (
				897EDC4A2A050E25001B652E /* PBXTargetDependency */,
			);
			name = MyTravelUITests;
			productName = MyTravel2UITests;
			productReference = 897EDC482A050E25001B652E /* MyTravelUITests.xctest */;
			productType = "com.apple.product-type.bundle.ui-testing";
		};
/* End PBXNativeTarget section */

/* Begin PBXProject section */
		897EDC212A050E22001B652E /* Project object */ = {
			isa = PBXProject;
			attributes = {
				BuildIndependentTargetsInParallel = YES;
				LastSwiftUpdateCheck = 1430;
				LastUpgradeCheck = 1430;
				TargetAttributes = {
					897EDC282A050E22001B652E = {
						CreatedOnToolsVersion = 14.3;
					};
					897EDC3D2A050E25001B652E = {
						CreatedOnToolsVersion = 14.3;
						TestTargetID = 897EDC282A050E22001B652E;
					};
					897EDC472A050E25001B652E = {
						CreatedOnToolsVersion = 14.3;
						TestTargetID = 897EDC282A050E22001B652E;
					};
				};
			};
			buildConfigurationList = 897EDC242A050E22001B652E /* Build configuration list for PBXProject "MyTravel" */;
			compatibilityVersion = "Xcode 14.0";
			developmentRegion = en;
			hasScannedForEncodings = 0;
			knownRegions = (
				en,
				Base,
			);
			mainGroup = 897EDC202A050E22001B652E;
			packageReferences = (
				897EDC612A052494001B652E /* XCRemoteSwiftPackageReference "Alamofire" */,
				897EDC652A0524CC001B652E /* XCRemoteSwiftPackageReference "SDWebImageSwiftUI" */,
				896E8FC22A08B95E002AA4D3 /* XCRemoteSwiftPackageReference "firebase-ios-sdk" */,
				CEBAEA532A08CF1800F73FA8 /* XCRemoteSwiftPackageReference "R.swift" */,
			);
			productRefGroup = 897EDC2A2A050E22001B652E /* Products */;
			projectDirPath = "";
			projectRoot = "";
			targets = (
				897EDC282A050E22001B652E /* MyTravel */,
				897EDC3D2A050E25001B652E /* MyTravelTests */,
				897EDC472A050E25001B652E /* MyTravelUITests */,
			);
		};
/* End PBXProject section */

/* Begin PBXResourcesBuildPhase section */
		897EDC272A050E22001B652E /* Resources */ = {
			isa = PBXResourcesBuildPhase;
			buildActionMask = 2147483647;
			files = (
				CE66413F2A0A4D2B0028CFC5 /* Localizable.strings in Resources */,
				897EDC342A050E24001B652E /* Preview Assets.xcassets in Resources */,
				897EDC312A050E24001B652E /* Assets.xcassets in Resources */,
				896E8FC82A08BAA6002AA4D3 /* GoogleService-Info.plist in Resources */,
				CEDC13BE2A09018700B1AF6E /* Montserrat-VariableFont_wght.ttf in Resources */,
			);
			runOnlyForDeploymentPostprocessing = 0;
		};
		897EDC3C2A050E25001B652E /* Resources */ = {
			isa = PBXResourcesBuildPhase;
			buildActionMask = 2147483647;
			files = (
			);
			runOnlyForDeploymentPostprocessing = 0;
		};
		897EDC462A050E25001B652E /* Resources */ = {
			isa = PBXResourcesBuildPhase;
			buildActionMask = 2147483647;
			files = (
			);
			runOnlyForDeploymentPostprocessing = 0;
		};
/* End PBXResourcesBuildPhase section */

/* Begin PBXShellScriptBuildPhase section */
		CE6641362A0A0AC30028CFC5 /* Swift Lint Run Script */ = {
			isa = PBXShellScriptBuildPhase;
			alwaysOutOfDate = 1;
			buildActionMask = 2147483647;
			files = (
			);
			inputFileListPaths = (
			);
			inputPaths = (
			);
			name = "Swift Lint Run Script";
			outputFileListPaths = (
			);
			outputPaths = (
			);
			runOnlyForDeploymentPostprocessing = 0;
			shellPath = /bin/sh;
			shellScript = "# Type a script or drag a script file from your workspace to insert its path.\nexport PATH=\"$PATH:/opt/homebrew/bin\"\nif which swiftlint > /dev/null; then\n  swiftlint\nelse\n  echo \"warning: SwiftLint not installed, download from https://github.com/realm/SwiftLint\"\nfi\n";
		};
/* End PBXShellScriptBuildPhase section */

/* Begin PBXSourcesBuildPhase section */
		897EDC252A050E22001B652E /* Sources */ = {
			isa = PBXSourcesBuildPhase;
			buildActionMask = 2147483647;
			files = (
				897E61D22A0BA910008D1687 /* VerificationView.swift in Sources */,
				896E8FC62A08B9CD002AA4D3 /* AppDelegate.swift in Sources */,
				CE5742D42A1DFA040089666A /* GroupPreview.swift in Sources */,
				CEC19B892A0B8543006E3192 /* Keys.swift in Sources */,
				CE3E83E72A08CD1A00C4AE43 /* AppColor.swift in Sources */,
				89210BA72A162C6400F268FC /* CreateGroupView.swift in Sources */,
				894471EE2A08F8400011DDD2 /* MTButton.swift in Sources */,
				89210BA32A15F7C700F268FC /* SettingsView.swift in Sources */,
				CEC19B7C2A0B80D8006E3192 /* MTNetworkLogger.swift in Sources */,
				894471F62A08FE9F0011DDD2 /* MTContainerView.swift in Sources */,
				CE5742D12A1DF8950089666A /* UserPreview.swift in Sources */,
				89032F6F2A134F4F005FFC29 /* GroupListRow.swift in Sources */,
				897EDC392A050E24001B652E /* MyTravel2.xcdatamodeld in Sources */,
				CE36DE8D2A136249009790A5 /* WebUser.swift in Sources */,
				CE3E83E52A08CD1100C4AE43 /* AppFont.swift in Sources */,
				CE65C76E2A178B3F0021F7FD /* GroupViewModel.swift in Sources */,
				CEC19B932A0B97F6006E3192 /* AuthViewModel.swift in Sources */,
				89210BA02A15F7AD00F268FC /* CheckInView.swift in Sources */,
				895DF4BF2A0BD05900899187 /* MTTabBarContainerView.swift in Sources */,
				CEC19B7E2A0B8108006E3192 /* Constant.swift in Sources */,
				897EDC362A050E24001B652E /* Persistence.swift in Sources */,
				89C62F7E2A0CBB2200E2FD05 /* TabItem.swift in Sources */,
				89C62F792A0CB1AF00E2FD05 /* AppTabBarView.swift in Sources */,
				CEC19B872A0B84F7006E3192 /* MTConfiguration.swift in Sources */,
				897EDC2F2A050E22001B652E /* ContentView.swift in Sources */,
				897E61CB2A0BA7FA008D1687 /* ProgressViewModifier.swift in Sources */,
				89C1D8A32A1B8498007EB9E1 /* CreateGroupSuccessView.swift in Sources */,
				89210BAA2A16487700F268FC /* Extension+SwiftUI.swift in Sources */,
				CEC19B962A0B982D006E3192 /* AuthProvider.swift in Sources */,
				CEC19B9B2A0B9FBC006E3192 /* CustomError.swift in Sources */,
				897EDC6E2A05272F001B652E /* LoginView.swift in Sources */,
				CE36DE872A134D8E009790A5 /* MTUserDefaults.swift in Sources */,
				CEC19B9E2A0BA423006E3192 /* Validator.swift in Sources */,
				8906D72E2A0F8E7400E7D60B /* OTPView.swift in Sources */,
				893E10572A1B467500DBD46C /* BackButtonModifier.swift in Sources */,
				896259362A125C2500AAE879 /* GroupListView.swift in Sources */,
				896259342A1243CA00AAE879 /* MTShapeView.swift in Sources */,
				895DF4BC2A0BC17400899187 /* MTTabBarView.swift in Sources */,
				8904787E2A0A00A7005CC921 /* MTTextField.swift in Sources */,
				893E10552A1B461B00DBD46C /* MTBackButton.swift in Sources */,
				CE5756562A1B3A5500801FD9 /* MTAsyncView.swift in Sources */,
				895DF4C22A0BD2B200899187 /* MTTabBarPreferenceKey.swift in Sources */,
				CE36DE8A2A135DD3009790A5 /* Extension.swift in Sources */,
				897E61CE2A0BA821008D1687 /* BackgroundModifier.swift in Sources */,
				CE5742CE2A1DF7F60089666A /* PreviewGroupProvider.swift in Sources */,
				CE65C7702A1790980021F7FD /* MTGroup.swift in Sources */,
				CE65C76B2A178B300021F7FD /* GroupProvider.swift in Sources */,
				897EDC2D2A050E22001B652E /* MyTravel2App.swift in Sources */,
				89210B9B2A15E5A000F268FC /* WelcomeView.swift in Sources */,
				897E61D02A0BA846008D1687 /* OverlayModifier.swift in Sources */,
				CEC19B7A2A0B7FBD006E3192 /* WebRequester.swift in Sources */,
				CEC19B812A0B83D0006E3192 /* AppURL.swift in Sources */,
				CEC19B982A0B991A006E3192 /* MTResponse.swift in Sources */,
			);
			runOnlyForDeploymentPostprocessing = 0;
		};
		897EDC3A2A050E25001B652E /* Sources */ = {
			isa = PBXSourcesBuildPhase;
			buildActionMask = 2147483647;
			files = (
				897EDC432A050E25001B652E /* MyTravel2Tests.swift in Sources */,
			);
			runOnlyForDeploymentPostprocessing = 0;
		};
		897EDC442A050E25001B652E /* Sources */ = {
			isa = PBXSourcesBuildPhase;
			buildActionMask = 2147483647;
			files = (
				897EDC4D2A050E25001B652E /* MyTravel2UITests.swift in Sources */,
				897EDC4F2A050E25001B652E /* MyTravel2UITestsLaunchTests.swift in Sources */,
			);
			runOnlyForDeploymentPostprocessing = 0;
		};
/* End PBXSourcesBuildPhase section */

/* Begin PBXTargetDependency section */
		897EDC402A050E25001B652E /* PBXTargetDependency */ = {
			isa = PBXTargetDependency;
			target = 897EDC282A050E22001B652E /* MyTravel */;
			targetProxy = 897EDC3F2A050E25001B652E /* PBXContainerItemProxy */;
		};
		897EDC4A2A050E25001B652E /* PBXTargetDependency */ = {
			isa = PBXTargetDependency;
			target = 897EDC282A050E22001B652E /* MyTravel */;
			targetProxy = 897EDC492A050E25001B652E /* PBXContainerItemProxy */;
		};
		CEA033142A08CFB200AB1824 /* PBXTargetDependency */ = {
			isa = PBXTargetDependency;
			productRef = CEA033132A08CFB200AB1824 /* RswiftGenerateInternalResources */;
		};
/* End PBXTargetDependency section */

/* Begin XCBuildConfiguration section */
		897EDC502A050E25001B652E /* Debug */ = {
			isa = XCBuildConfiguration;
			baseConfigurationReference = CEC19B852A0B8449006E3192 /* Debug.xcconfig */;
			buildSettings = {
				ALWAYS_SEARCH_USER_PATHS = NO;
				CLANG_ANALYZER_NONNULL = YES;
				CLANG_ANALYZER_NUMBER_OBJECT_CONVERSION = YES_AGGRESSIVE;
				CLANG_CXX_LANGUAGE_STANDARD = "gnu++20";
				CLANG_ENABLE_MODULES = YES;
				CLANG_ENABLE_OBJC_ARC = YES;
				CLANG_ENABLE_OBJC_WEAK = YES;
				CLANG_WARN_BLOCK_CAPTURE_AUTORELEASING = YES;
				CLANG_WARN_BOOL_CONVERSION = YES;
				CLANG_WARN_COMMA = YES;
				CLANG_WARN_CONSTANT_CONVERSION = YES;
				CLANG_WARN_DEPRECATED_OBJC_IMPLEMENTATIONS = YES;
				CLANG_WARN_DIRECT_OBJC_ISA_USAGE = YES_ERROR;
				CLANG_WARN_DOCUMENTATION_COMMENTS = YES;
				CLANG_WARN_EMPTY_BODY = YES;
				CLANG_WARN_ENUM_CONVERSION = YES;
				CLANG_WARN_INFINITE_RECURSION = YES;
				CLANG_WARN_INT_CONVERSION = YES;
				CLANG_WARN_NON_LITERAL_NULL_CONVERSION = YES;
				CLANG_WARN_OBJC_IMPLICIT_RETAIN_SELF = YES;
				CLANG_WARN_OBJC_LITERAL_CONVERSION = YES;
				CLANG_WARN_OBJC_ROOT_CLASS = YES_ERROR;
				CLANG_WARN_QUOTED_INCLUDE_IN_FRAMEWORK_HEADER = YES;
				CLANG_WARN_RANGE_LOOP_ANALYSIS = YES;
				CLANG_WARN_STRICT_PROTOTYPES = YES;
				CLANG_WARN_SUSPICIOUS_MOVE = YES;
				CLANG_WARN_UNGUARDED_AVAILABILITY = YES_AGGRESSIVE;
				CLANG_WARN_UNREACHABLE_CODE = YES;
				CLANG_WARN__DUPLICATE_METHOD_MATCH = YES;
				COPY_PHASE_STRIP = NO;
				DEBUG_INFORMATION_FORMAT = dwarf;
				ENABLE_STRICT_OBJC_MSGSEND = YES;
				ENABLE_TESTABILITY = YES;
				GCC_C_LANGUAGE_STANDARD = gnu11;
				GCC_DYNAMIC_NO_PIC = NO;
				GCC_NO_COMMON_BLOCKS = YES;
				GCC_OPTIMIZATION_LEVEL = 0;
				GCC_PREPROCESSOR_DEFINITIONS = (
					"DEBUG=1",
					"$(inherited)",
				);
				GCC_WARN_64_TO_32_BIT_CONVERSION = YES;
				GCC_WARN_ABOUT_RETURN_TYPE = YES_ERROR;
				GCC_WARN_UNDECLARED_SELECTOR = YES;
				GCC_WARN_UNINITIALIZED_AUTOS = YES_AGGRESSIVE;
				GCC_WARN_UNUSED_FUNCTION = YES;
				GCC_WARN_UNUSED_VARIABLE = YES;
				IPHONEOS_DEPLOYMENT_TARGET = 16.4;
				MTL_ENABLE_DEBUG_INFO = INCLUDE_SOURCE;
				MTL_FAST_MATH = YES;
				ONLY_ACTIVE_ARCH = YES;
				SDKROOT = iphoneos;
				SWIFT_ACTIVE_COMPILATION_CONDITIONS = DEBUG;
				SWIFT_OPTIMIZATION_LEVEL = "-Onone";
			};
			name = Debug;
		};
		897EDC512A050E25001B652E /* Release */ = {
			isa = XCBuildConfiguration;
			baseConfigurationReference = CEC19B842A0B8416006E3192 /* Release.xcconfig */;
			buildSettings = {
				ALWAYS_SEARCH_USER_PATHS = NO;
				CLANG_ANALYZER_NONNULL = YES;
				CLANG_ANALYZER_NUMBER_OBJECT_CONVERSION = YES_AGGRESSIVE;
				CLANG_CXX_LANGUAGE_STANDARD = "gnu++20";
				CLANG_ENABLE_MODULES = YES;
				CLANG_ENABLE_OBJC_ARC = YES;
				CLANG_ENABLE_OBJC_WEAK = YES;
				CLANG_WARN_BLOCK_CAPTURE_AUTORELEASING = YES;
				CLANG_WARN_BOOL_CONVERSION = YES;
				CLANG_WARN_COMMA = YES;
				CLANG_WARN_CONSTANT_CONVERSION = YES;
				CLANG_WARN_DEPRECATED_OBJC_IMPLEMENTATIONS = YES;
				CLANG_WARN_DIRECT_OBJC_ISA_USAGE = YES_ERROR;
				CLANG_WARN_DOCUMENTATION_COMMENTS = YES;
				CLANG_WARN_EMPTY_BODY = YES;
				CLANG_WARN_ENUM_CONVERSION = YES;
				CLANG_WARN_INFINITE_RECURSION = YES;
				CLANG_WARN_INT_CONVERSION = YES;
				CLANG_WARN_NON_LITERAL_NULL_CONVERSION = YES;
				CLANG_WARN_OBJC_IMPLICIT_RETAIN_SELF = YES;
				CLANG_WARN_OBJC_LITERAL_CONVERSION = YES;
				CLANG_WARN_OBJC_ROOT_CLASS = YES_ERROR;
				CLANG_WARN_QUOTED_INCLUDE_IN_FRAMEWORK_HEADER = YES;
				CLANG_WARN_RANGE_LOOP_ANALYSIS = YES;
				CLANG_WARN_STRICT_PROTOTYPES = YES;
				CLANG_WARN_SUSPICIOUS_MOVE = YES;
				CLANG_WARN_UNGUARDED_AVAILABILITY = YES_AGGRESSIVE;
				CLANG_WARN_UNREACHABLE_CODE = YES;
				CLANG_WARN__DUPLICATE_METHOD_MATCH = YES;
				COPY_PHASE_STRIP = NO;
				DEBUG_INFORMATION_FORMAT = "dwarf-with-dsym";
				ENABLE_NS_ASSERTIONS = NO;
				ENABLE_STRICT_OBJC_MSGSEND = YES;
				GCC_C_LANGUAGE_STANDARD = gnu11;
				GCC_NO_COMMON_BLOCKS = YES;
				GCC_WARN_64_TO_32_BIT_CONVERSION = YES;
				GCC_WARN_ABOUT_RETURN_TYPE = YES_ERROR;
				GCC_WARN_UNDECLARED_SELECTOR = YES;
				GCC_WARN_UNINITIALIZED_AUTOS = YES_AGGRESSIVE;
				GCC_WARN_UNUSED_FUNCTION = YES;
				GCC_WARN_UNUSED_VARIABLE = YES;
				IPHONEOS_DEPLOYMENT_TARGET = 16.4;
				MTL_ENABLE_DEBUG_INFO = NO;
				MTL_FAST_MATH = YES;
				SDKROOT = iphoneos;
				SWIFT_COMPILATION_MODE = wholemodule;
				SWIFT_OPTIMIZATION_LEVEL = "-O";
				VALIDATE_PRODUCT = YES;
			};
			name = Release;
		};
		897EDC532A050E25001B652E /* Debug */ = {
			isa = XCBuildConfiguration;
			baseConfigurationReference = CEC19B852A0B8449006E3192 /* Debug.xcconfig */;
			buildSettings = {
				ASSETCATALOG_COMPILER_APPICON_NAME = AppIcon;
				ASSETCATALOG_COMPILER_GLOBAL_ACCENT_COLOR_NAME = AccentColor;
				"CODE_SIGN_IDENTITY[sdk=iphoneos*]" = "iPhone Developer";
				CODE_SIGN_STYLE = Manual;
				CURRENT_PROJECT_VERSION = 1;
				DEVELOPMENT_ASSET_PATHS = "MyTravel2/Preview\\ Content/GroupPreview.swift MyTravel2/Preview\\ Content MyTravel2/Preview\\ Content/UserPreview.swift MyTravel2/Preview\\ Content/PreviewGroupProvider.swift";
				DEVELOPMENT_TEAM = "";
				"DEVELOPMENT_TEAM[sdk=iphoneos*]" = 3NHW5R384Z;
				ENABLE_PREVIEWS = YES;
				GENERATE_INFOPLIST_FILE = YES;
				INFOPLIST_FILE = "MyTravel2/Resources/MyTravel-Info.plist";
				INFOPLIST_KEY_CFBundleDisplayName = "";
				INFOPLIST_KEY_LSApplicationCategoryType = "Montserrat-VariableFont_wght.ttf";
				INFOPLIST_KEY_UIApplicationSceneManifest_Generation = YES;
				INFOPLIST_KEY_UIApplicationSupportsIndirectInputEvents = YES;
				INFOPLIST_KEY_UILaunchScreen_Generation = YES;
				INFOPLIST_KEY_UISupportedInterfaceOrientations_iPad = "UIInterfaceOrientationPortrait UIInterfaceOrientationPortraitUpsideDown UIInterfaceOrientationLandscapeLeft UIInterfaceOrientationLandscapeRight";
				INFOPLIST_KEY_UISupportedInterfaceOrientations_iPhone = "UIInterfaceOrientationPortrait UIInterfaceOrientationLandscapeLeft UIInterfaceOrientationLandscapeRight";
				IPHONEOS_DEPLOYMENT_TARGET = 14.0;
				LD_RUNPATH_SEARCH_PATHS = (
					"$(inherited)",
					"@executable_path/Frameworks",
				);
				MARKETING_VERSION = 1.0;
				PRODUCT_BUNDLE_IDENTIFIER = "com.com.pedro.POC-Scanner";
				PRODUCT_NAME = "$(TARGET_NAME)";
				PROVISIONING_PROFILE_SPECIFIER = "";
				"PROVISIONING_PROFILE_SPECIFIER[sdk=iphoneos*]" = "POC Scanner Development";
				SUPPORTED_PLATFORMS = "iphoneos iphonesimulator";
				SUPPORTS_MACCATALYST = NO;
				SUPPORTS_MAC_DESIGNED_FOR_IPHONE_IPAD = YES;
				SWIFT_EMIT_LOC_STRINGS = YES;
				SWIFT_VERSION = 5.0;
				TARGETED_DEVICE_FAMILY = "1,2";
			};
			name = Debug;
		};
		897EDC542A050E25001B652E /* Release */ = {
			isa = XCBuildConfiguration;
			baseConfigurationReference = CEC19B842A0B8416006E3192 /* Release.xcconfig */;
			buildSettings = {
				ASSETCATALOG_COMPILER_APPICON_NAME = AppIcon;
				ASSETCATALOG_COMPILER_GLOBAL_ACCENT_COLOR_NAME = AccentColor;
				"CODE_SIGN_IDENTITY[sdk=iphoneos*]" = "iPhone Developer";
				CODE_SIGN_STYLE = Manual;
				CURRENT_PROJECT_VERSION = 1;
				DEVELOPMENT_ASSET_PATHS = "MyTravel2/Preview\\ Content/GroupPreview.swift MyTravel2/Preview\\ Content MyTravel2/Preview\\ Content/UserPreview.swift MyTravel2/Preview\\ Content/PreviewGroupProvider.swift";
				DEVELOPMENT_TEAM = "";
				"DEVELOPMENT_TEAM[sdk=iphoneos*]" = 3NHW5R384Z;
				ENABLE_PREVIEWS = YES;
				GENERATE_INFOPLIST_FILE = YES;
				INFOPLIST_FILE = "MyTravel2/Resources/MyTravel-Info.plist";
				INFOPLIST_KEY_CFBundleDisplayName = "";
				INFOPLIST_KEY_LSApplicationCategoryType = "Montserrat-VariableFont_wght.ttf";
				INFOPLIST_KEY_UIApplicationSceneManifest_Generation = YES;
				INFOPLIST_KEY_UIApplicationSupportsIndirectInputEvents = YES;
				INFOPLIST_KEY_UILaunchScreen_Generation = YES;
				INFOPLIST_KEY_UISupportedInterfaceOrientations_iPad = "UIInterfaceOrientationPortrait UIInterfaceOrientationPortraitUpsideDown UIInterfaceOrientationLandscapeLeft UIInterfaceOrientationLandscapeRight";
				INFOPLIST_KEY_UISupportedInterfaceOrientations_iPhone = "UIInterfaceOrientationPortrait UIInterfaceOrientationLandscapeLeft UIInterfaceOrientationLandscapeRight";
				IPHONEOS_DEPLOYMENT_TARGET = 14.0;
				LD_RUNPATH_SEARCH_PATHS = (
					"$(inherited)",
					"@executable_path/Frameworks",
				);
				MARKETING_VERSION = 1.0;
				PRODUCT_BUNDLE_IDENTIFIER = "com.com.pedro.POC-Scanner";
				PRODUCT_NAME = "$(TARGET_NAME)";
				PROVISIONING_PROFILE_SPECIFIER = "";
				"PROVISIONING_PROFILE_SPECIFIER[sdk=iphoneos*]" = "POC Scanner Development";
				SUPPORTED_PLATFORMS = "iphoneos iphonesimulator";
				SUPPORTS_MACCATALYST = NO;
				SUPPORTS_MAC_DESIGNED_FOR_IPHONE_IPAD = YES;
				SWIFT_EMIT_LOC_STRINGS = YES;
				SWIFT_VERSION = 5.0;
				TARGETED_DEVICE_FAMILY = "1,2";
			};
			name = Release;
		};
		897EDC562A050E25001B652E /* Debug */ = {
			isa = XCBuildConfiguration;
			baseConfigurationReference = CEC19B852A0B8449006E3192 /* Debug.xcconfig */;
			buildSettings = {
				ALWAYS_EMBED_SWIFT_STANDARD_LIBRARIES = YES;
				BUNDLE_LOADER = "$(TEST_HOST)";
				"CODE_SIGN_IDENTITY[sdk=iphoneos*]" = "iPhone Developer";
				CODE_SIGN_STYLE = Manual;
				CURRENT_PROJECT_VERSION = 1;
				DEVELOPMENT_TEAM = "";
				"DEVELOPMENT_TEAM[sdk=iphoneos*]" = GGC8259U62;
				GENERATE_INFOPLIST_FILE = YES;
				IPHONEOS_DEPLOYMENT_TARGET = 16.4;
				MARKETING_VERSION = 1.0;
				PRODUCT_BUNDLE_IDENTIFIER = com.gteches.test.MyTravel2Tests;
				PRODUCT_NAME = "$(TARGET_NAME)";
				PROVISIONING_PROFILE_SPECIFIER = "";
				"PROVISIONING_PROFILE_SPECIFIER[sdk=iphoneos*]" = "test app development";
				SWIFT_EMIT_LOC_STRINGS = NO;
				SWIFT_VERSION = 5.0;
				TARGETED_DEVICE_FAMILY = "1,2";
				TEST_HOST = "$(BUILT_PRODUCTS_DIR)/MyTravel.app/$(BUNDLE_EXECUTABLE_FOLDER_PATH)/MyTravel";
			};
			name = Debug;
		};
		897EDC572A050E25001B652E /* Release */ = {
			isa = XCBuildConfiguration;
			baseConfigurationReference = CEC19B842A0B8416006E3192 /* Release.xcconfig */;
			buildSettings = {
				ALWAYS_EMBED_SWIFT_STANDARD_LIBRARIES = YES;
				BUNDLE_LOADER = "$(TEST_HOST)";
				"CODE_SIGN_IDENTITY[sdk=iphoneos*]" = "iPhone Developer";
				CODE_SIGN_STYLE = Manual;
				CURRENT_PROJECT_VERSION = 1;
				DEVELOPMENT_TEAM = "";
				"DEVELOPMENT_TEAM[sdk=iphoneos*]" = GGC8259U62;
				GENERATE_INFOPLIST_FILE = YES;
				IPHONEOS_DEPLOYMENT_TARGET = 16.4;
				MARKETING_VERSION = 1.0;
				PRODUCT_BUNDLE_IDENTIFIER = com.gteches.test.MyTravel2Tests;
				PRODUCT_NAME = "$(TARGET_NAME)";
				PROVISIONING_PROFILE_SPECIFIER = "";
				"PROVISIONING_PROFILE_SPECIFIER[sdk=iphoneos*]" = "test app development";
				SWIFT_EMIT_LOC_STRINGS = NO;
				SWIFT_VERSION = 5.0;
				TARGETED_DEVICE_FAMILY = "1,2";
				TEST_HOST = "$(BUILT_PRODUCTS_DIR)/MyTravel.app/$(BUNDLE_EXECUTABLE_FOLDER_PATH)/MyTravel";
			};
			name = Release;
		};
		897EDC592A050E25001B652E /* Debug */ = {
			isa = XCBuildConfiguration;
			baseConfigurationReference = CEC19B852A0B8449006E3192 /* Debug.xcconfig */;
			buildSettings = {
				ALWAYS_EMBED_SWIFT_STANDARD_LIBRARIES = YES;
				CODE_SIGN_STYLE = Automatic;
				CURRENT_PROJECT_VERSION = 1;
				GENERATE_INFOPLIST_FILE = YES;
				MARKETING_VERSION = 1.0;
				PRODUCT_BUNDLE_IDENTIFIER = com.gteches.test.MyTravel2UITests;
				PRODUCT_NAME = "$(TARGET_NAME)";
				SWIFT_EMIT_LOC_STRINGS = NO;
				SWIFT_VERSION = 5.0;
				TARGETED_DEVICE_FAMILY = "1,2";
				TEST_TARGET_NAME = MyTravel2;
			};
			name = Debug;
		};
		897EDC5A2A050E25001B652E /* Release */ = {
			isa = XCBuildConfiguration;
			baseConfigurationReference = CEC19B842A0B8416006E3192 /* Release.xcconfig */;
			buildSettings = {
				ALWAYS_EMBED_SWIFT_STANDARD_LIBRARIES = YES;
				CODE_SIGN_STYLE = Automatic;
				CURRENT_PROJECT_VERSION = 1;
				GENERATE_INFOPLIST_FILE = YES;
				MARKETING_VERSION = 1.0;
				PRODUCT_BUNDLE_IDENTIFIER = com.gteches.test.MyTravel2UITests;
				PRODUCT_NAME = "$(TARGET_NAME)";
				SWIFT_EMIT_LOC_STRINGS = NO;
				SWIFT_VERSION = 5.0;
				TARGETED_DEVICE_FAMILY = "1,2";
				TEST_TARGET_NAME = MyTravel2;
			};
			name = Release;
		};
/* End XCBuildConfiguration section */

/* Begin XCConfigurationList section */
		897EDC242A050E22001B652E /* Build configuration list for PBXProject "MyTravel" */ = {
			isa = XCConfigurationList;
			buildConfigurations = (
				897EDC502A050E25001B652E /* Debug */,
				897EDC512A050E25001B652E /* Release */,
			);
			defaultConfigurationIsVisible = 0;
			defaultConfigurationName = Release;
		};
		897EDC522A050E25001B652E /* Build configuration list for PBXNativeTarget "MyTravel" */ = {
			isa = XCConfigurationList;
			buildConfigurations = (
				897EDC532A050E25001B652E /* Debug */,
				897EDC542A050E25001B652E /* Release */,
			);
			defaultConfigurationIsVisible = 0;
			defaultConfigurationName = Release;
		};
		897EDC552A050E25001B652E /* Build configuration list for PBXNativeTarget "MyTravelTests" */ = {
			isa = XCConfigurationList;
			buildConfigurations = (
				897EDC562A050E25001B652E /* Debug */,
				897EDC572A050E25001B652E /* Release */,
			);
			defaultConfigurationIsVisible = 0;
			defaultConfigurationName = Release;
		};
		897EDC582A050E25001B652E /* Build configuration list for PBXNativeTarget "MyTravelUITests" */ = {
			isa = XCConfigurationList;
			buildConfigurations = (
				897EDC592A050E25001B652E /* Debug */,
				897EDC5A2A050E25001B652E /* Release */,
			);
			defaultConfigurationIsVisible = 0;
			defaultConfigurationName = Release;
		};
/* End XCConfigurationList section */

/* Begin XCRemoteSwiftPackageReference section */
		896E8FC22A08B95E002AA4D3 /* XCRemoteSwiftPackageReference "firebase-ios-sdk" */ = {
			isa = XCRemoteSwiftPackageReference;
			repositoryURL = "https://github.com/firebase/firebase-ios-sdk";
			requirement = {
				kind = exactVersion;
				version = 10.9.0;
			};
		};
		897EDC612A052494001B652E /* XCRemoteSwiftPackageReference "Alamofire" */ = {
			isa = XCRemoteSwiftPackageReference;
			repositoryURL = "https://github.com/Alamofire/Alamofire.git";
			requirement = {
				kind = exactVersion;
				version = 5.6.4;
			};
		};
		897EDC652A0524CC001B652E /* XCRemoteSwiftPackageReference "SDWebImageSwiftUI" */ = {
			isa = XCRemoteSwiftPackageReference;
			repositoryURL = "https://github.com/SDWebImage/SDWebImageSwiftUI";
			requirement = {
				kind = exactVersion;
				version = 2.2.3;
			};
		};
		CEBAEA532A08CF1800F73FA8 /* XCRemoteSwiftPackageReference "R.swift" */ = {
			isa = XCRemoteSwiftPackageReference;
			repositoryURL = "https://github.com/mac-cain13/R.swift.git";
			requirement = {
				kind = exactVersion;
				version = 7.3.2;
			};
		};
/* End XCRemoteSwiftPackageReference section */

/* Begin XCSwiftPackageProductDependency section */
		896E8FC32A08B95E002AA4D3 /* FirebaseAnalyticsWithoutAdIdSupport */ = {
			isa = XCSwiftPackageProductDependency;
			package = 896E8FC22A08B95E002AA4D3 /* XCRemoteSwiftPackageReference "firebase-ios-sdk" */;
			productName = FirebaseAnalyticsWithoutAdIdSupport;
		};
		897EDC622A052494001B652E /* Alamofire */ = {
			isa = XCSwiftPackageProductDependency;
			package = 897EDC612A052494001B652E /* XCRemoteSwiftPackageReference "Alamofire" */;
			productName = Alamofire;
		};
		897EDC662A0524CC001B652E /* SDWebImageSwiftUI */ = {
			isa = XCSwiftPackageProductDependency;
			package = 897EDC652A0524CC001B652E /* XCRemoteSwiftPackageReference "SDWebImageSwiftUI" */;
			productName = SDWebImageSwiftUI;
		};
		CEA033132A08CFB200AB1824 /* RswiftGenerateInternalResources */ = {
			isa = XCSwiftPackageProductDependency;
			productName = "plugin:RswiftGenerateInternalResources";
		};
		CEBAEA542A08CF1800F73FA8 /* RswiftLibrary */ = {
			isa = XCSwiftPackageProductDependency;
			package = CEBAEA532A08CF1800F73FA8 /* XCRemoteSwiftPackageReference "R.swift" */;
			productName = RswiftLibrary;
		};
/* End XCSwiftPackageProductDependency section */

/* Begin XCVersionGroup section */
		897EDC372A050E24001B652E /* MyTravel2.xcdatamodeld */ = {
			isa = XCVersionGroup;
			children = (
				897EDC382A050E24001B652E /* MyTravel2.xcdatamodel */,
			);
			currentVersion = 897EDC382A050E24001B652E /* MyTravel2.xcdatamodel */;
			path = MyTravel2.xcdatamodeld;
			sourceTree = "<group>";
			versionGroupType = wrapper.xcdatamodel;
		};
/* End XCVersionGroup section */
	};
	rootObject = 897EDC212A050E22001B652E /* Project object */;
}
